
Microsoft Visual Studio Solution File, Format Version 12.00
# Visual Studio Version 17
VisualStudioVersion = 17.10.34916.146
MinimumVisualStudioVersion = 10.0.40219.1
Project("{FAE04EC0-301F-11D3-BF4B-00C04F79EFBC}") = "AMS", "AMS\AMS.csproj", "{46CE598E-25DB-4DBA-9B8B-69A931B6931C}"
EndProject
Global
	GlobalSection(SolutionConfigurationPlatforms) = preSolution
		Debug|Any CPU = Debug|Any CPU
		Release|Any CPU = Release|Any CPU
	EndGlobalSection
	GlobalSection(ProjectConfigurationPlatforms) = postSolution
		{46CE598E-25DB-4DBA-9B8B-69A931B6931C}.Debug|Any CPU.ActiveCfg = Debug|Any CPU
		{46CE598E-25DB-4DBA-9B8B-69A931B6931C}.Debug|Any CPU.Build.0 = Debug|Any CPU
		{46CE598E-25DB-4DBA-9B8B-69A931B6931C}.Release|Any CPU.ActiveCfg = Release|Any CPU
		{46CE598E-25DB-4DBA-9B8B-69A931B6931C}.Release|Any CPU.Build.0 = Release|Any CPU
	EndGlobalSection
	GlobalSection(SolutionProperties) = preSolution
		HideSolutionNode = FALSE
	EndGlobalSection
	GlobalSection(ExtensibilityGlobals) = postSolution
		SolutionGuid = {D09DC4E7-7D91-4CD6-BF70-B057E2F1A878}
	EndGlobalSection
EndGlobal
